
Microsoft Visual Studio Solution File, Format Version 12.00
# Visual Studio Version 17
VisualStudioVersion = 17.7.34221.43
MinimumVisualStudioVersion = 10.0.40219.1
Project("{FAE04EC0-301F-11D3-BF4B-00C04F79EFBC}") = "CRUDTodos", "CRUDTodos\CRUDTodos.csproj", "{CC16E0AF-F722-42F6-880A-DB64A910CFCB}"
EndProject
Global
	GlobalSection(SolutionConfigurationPlatforms) = preSolution
		Debug|Any CPU = Debug|Any CPU
		Release|Any CPU = Release|Any CPU
	EndGlobalSection
	GlobalSection(ProjectConfigurationPlatforms) = postSolution
		{CC16E0AF-F722-42F6-880A-DB64A910CFCB}.Debug|Any CPU.ActiveCfg = Debug|Any CPU
		{CC16E0AF-F722-42F6-880A-DB64A910CFCB}.Debug|Any CPU.Build.0 = Debug|Any CPU
		{CC16E0AF-F722-42F6-880A-DB64A910CFCB}.Release|Any CPU.ActiveCfg = Release|Any CPU
		{CC16E0AF-F722-42F6-880A-DB64A910CFCB}.Release|Any CPU.Build.0 = Release|Any CPU
	EndGlobalSection
	GlobalSection(SolutionProperties) = preSolution
		HideSolutionNode = FALSE
	EndGlobalSection
	GlobalSection(ExtensibilityGlobals) = postSolution
		SolutionGuid = {8FB85DD5-7AF4-4677-9214-9631E73FEF6D}
	EndGlobalSection
EndGlobal
